
Microsoft Visual Studio Solution File, Format Version 12.00
# Visual Studio Version 17
VisualStudioVersion = 17.0.31903.59
MinimumVisualStudioVersion = 10.0.40219.1
Project("{FAE04EC0-301F-11D3-BF4B-00C04F79EFBC}") = "CodeChallenge1", "CodeChallenge1\CodeChallenge1.csproj", "{97CED4F1-3D2D-48C3-8D5B-DAFCFEDB943C}"
EndProject
Project("{FAE04EC0-301F-11D3-BF4B-00C04F79EFBC}") = "CodeChallenge2", "CodeChallenge2\CodeChallenge2.csproj", "{0568B859-C655-4D83-9A0B-19FCF50EB7CF}"
EndProject
Project("{FAE04EC0-301F-11D3-BF4B-00C04F79EFBC}") = "CodeChallenge3", "CodeChallenge3\CodeChallenge3.csproj", "{3DCF3B0F-F1C0-471E-B9CC-1CA9F528D23B}"
EndProject
Project("{FAE04EC0-301F-11D3-BF4B-00C04F79EFBC}") = "CodeChallenge4", "CodeChallenge4\CodeChallenge4.csproj", "{CA2482F3-C2D2-4C96-B22C-3F1CF6F57A30}"
EndProject
Project("{FAE04EC0-301F-11D3-BF4B-00C04F79EFBC}") = "CodeChallenge5", "CodeChallenge5\CodeChallenge5.csproj", "{1386E3C0-0D03-4A3D-A0C1-122F21FF8821}"
EndProject
Project("{FAE04EC0-301F-11D3-BF4B-00C04F79EFBC}") = "CodeChallenge6", "CodeChallenge6\CodeChallenge6.csproj", "{0B450119-32E1-4371-B1F8-A72943AC87FE}"
EndProject
Project("{FAE04EC0-301F-11D3-BF4B-00C04F79EFBC}") = "CodeChallenge7", "CodeChallenge7\CodeChallenge7.csproj", "{45F3070C-43BA-492A-B759-B061495E74E0}"
EndProject
Project("{FAE04EC0-301F-11D3-BF4B-00C04F79EFBC}") = "CodeChallenge8", "CodeChallenge8\CodeChallenge8.csproj", "{C21DD2CA-C562-4D3D-9C23-8C36DCCFDA50}"
EndProject
Project("{FAE04EC0-301F-11D3-BF4B-00C04F79EFBC}") = "CodeChallenge9", "CodeChallenge9\CodeChallenge9.csproj", "{D03F4C5A-3E1D-4433-820E-10DE17EEE0D2}"
EndProject
Project("{FAE04EC0-301F-11D3-BF4B-00C04F79EFBC}") = "CodeChallenge10", "CodeChallenge10\CodeChallenge10.csproj", "{D715CD37-B31D-404E-A4B6-6CB04E22A9B3}"
EndProject
Project("{FAE04EC0-301F-11D3-BF4B-00C04F79EFBC}") = "CodeChallenge11", "CodeChallenge11\CodeChallenge11.csproj", "{CEBC5906-EC9C-4192-B2EF-4D23355E4928}"
EndProject
Project("{FAE04EC0-301F-11D3-BF4B-00C04F79EFBC}") = "CodeChallenge12", "CodeChallenge12\CodeChallenge12.csproj", "{16F0B91F-C8B5-4C14-917D-DF08139E9387}"
EndProject
Project("{FAE04EC0-301F-11D3-BF4B-00C04F79EFBC}") = "CodeChallenge13", "CodeChallenge13\CodeChallenge13.csproj", "{3ECBEB44-CF69-4D4D-AA46-290E2B436ECB}"
EndProject
Project("{FAE04EC0-301F-11D3-BF4B-00C04F79EFBC}") = "CodeChallenge14", "CodeChallenge14\CodeChallenge14.csproj", "{1C51B48A-28BF-4F01-B2AF-EA72E12393EC}"
EndProject
Global
	GlobalSection(SolutionProperties) = preSolution
		HideSolutionNode = FALSE
	EndGlobalSection
	GlobalSection(SolutionConfigurationPlatforms) = preSolution
		Debug|Any CPU = Debug|Any CPU
		Debug|x64 = Debug|x64
		Debug|x86 = Debug|x86
		Release|Any CPU = Release|Any CPU
		Release|x64 = Release|x64
		Release|x86 = Release|x86
	EndGlobalSection
	GlobalSection(ProjectConfigurationPlatforms) = postSolution
		{97CED4F1-3D2D-48C3-8D5B-DAFCFEDB943C}.Debug|Any CPU.ActiveCfg = Debug|Any CPU
		{97CED4F1-3D2D-48C3-8D5B-DAFCFEDB943C}.Debug|Any CPU.Build.0 = Debug|Any CPU
		{97CED4F1-3D2D-48C3-8D5B-DAFCFEDB943C}.Debug|x64.ActiveCfg = Debug|Any CPU
		{97CED4F1-3D2D-48C3-8D5B-DAFCFEDB943C}.Debug|x64.Build.0 = Debug|Any CPU
		{97CED4F1-3D2D-48C3-8D5B-DAFCFEDB943C}.Debug|x86.ActiveCfg = Debug|Any CPU
		{97CED4F1-3D2D-48C3-8D5B-DAFCFEDB943C}.Debug|x86.Build.0 = Debug|Any CPU
		{97CED4F1-3D2D-48C3-8D5B-DAFCFEDB943C}.Release|Any CPU.ActiveCfg = Release|Any CPU
		{97CED4F1-3D2D-48C3-8D5B-DAFCFEDB943C}.Release|Any CPU.Build.0 = Release|Any CPU
		{97CED4F1-3D2D-48C3-8D5B-DAFCFEDB943C}.Release|x64.ActiveCfg = Release|Any CPU
		{97CED4F1-3D2D-48C3-8D5B-DAFCFEDB943C}.Release|x64.Build.0 = Release|Any CPU
		{97CED4F1-3D2D-48C3-8D5B-DAFCFEDB943C}.Release|x86.ActiveCfg = Release|Any CPU
		{97CED4F1-3D2D-48C3-8D5B-DAFCFEDB943C}.Release|x86.Build.0 = Release|Any CPU
		{0568B859-C655-4D83-9A0B-19FCF50EB7CF}.Debug|Any CPU.ActiveCfg = Debug|Any CPU
		{0568B859-C655-4D83-9A0B-19FCF50EB7CF}.Debug|Any CPU.Build.0 = Debug|Any CPU
		{0568B859-C655-4D83-9A0B-19FCF50EB7CF}.Debug|x64.ActiveCfg = Debug|Any CPU
		{0568B859-C655-4D83-9A0B-19FCF50EB7CF}.Debug|x64.Build.0 = Debug|Any CPU
		{0568B859-C655-4D83-9A0B-19FCF50EB7CF}.Debug|x86.ActiveCfg = Debug|Any CPU
		{0568B859-C655-4D83-9A0B-19FCF50EB7CF}.Debug|x86.Build.0 = Debug|Any CPU
		{0568B859-C655-4D83-9A0B-19FCF50EB7CF}.Release|Any CPU.ActiveCfg = Release|Any CPU
		{0568B859-C655-4D83-9A0B-19FCF50EB7CF}.Release|Any CPU.Build.0 = Release|Any CPU
		{0568B859-C655-4D83-9A0B-19FCF50EB7CF}.Release|x64.ActiveCfg = Release|Any CPU
		{0568B859-C655-4D83-9A0B-19FCF50EB7CF}.Release|x64.Build.0 = Release|Any CPU
		{0568B859-C655-4D83-9A0B-19FCF50EB7CF}.Release|x86.ActiveCfg = Release|Any CPU
		{0568B859-C655-4D83-9A0B-19FCF50EB7CF}.Release|x86.Build.0 = Release|Any CPU
		{3DCF3B0F-F1C0-471E-B9CC-1CA9F528D23B}.Debug|Any CPU.ActiveCfg = Debug|Any CPU
		{3DCF3B0F-F1C0-471E-B9CC-1CA9F528D23B}.Debug|Any CPU.Build.0 = Debug|Any CPU
		{3DCF3B0F-F1C0-471E-B9CC-1CA9F528D23B}.Debug|x64.ActiveCfg = Debug|Any CPU
		{3DCF3B0F-F1C0-471E-B9CC-1CA9F528D23B}.Debug|x64.Build.0 = Debug|Any CPU
		{3DCF3B0F-F1C0-471E-B9CC-1CA9F528D23B}.Debug|x86.ActiveCfg = Debug|Any CPU
		{3DCF3B0F-F1C0-471E-B9CC-1CA9F528D23B}.Debug|x86.Build.0 = Debug|Any CPU
		{3DCF3B0F-F1C0-471E-B9CC-1CA9F528D23B}.Release|Any CPU.ActiveCfg = Release|Any CPU
		{3DCF3B0F-F1C0-471E-B9CC-1CA9F528D23B}.Release|Any CPU.Build.0 = Release|Any CPU
		{3DCF3B0F-F1C0-471E-B9CC-1CA9F528D23B}.Release|x64.ActiveCfg = Release|Any CPU
		{3DCF3B0F-F1C0-471E-B9CC-1CA9F528D23B}.Release|x64.Build.0 = Release|Any CPU
		{3DCF3B0F-F1C0-471E-B9CC-1CA9F528D23B}.Release|x86.ActiveCfg = Release|Any CPU
		{3DCF3B0F-F1C0-471E-B9CC-1CA9F528D23B}.Release|x86.Build.0 = Release|Any CPU
		{CA2482F3-C2D2-4C96-B22C-3F1CF6F57A30}.Debug|Any CPU.ActiveCfg = Debug|Any CPU
		{CA2482F3-C2D2-4C96-B22C-3F1CF6F57A30}.Debug|Any CPU.Build.0 = Debug|Any CPU
		{CA2482F3-C2D2-4C96-B22C-3F1CF6F57A30}.Debug|x64.ActiveCfg = Debug|Any CPU
		{CA2482F3-C2D2-4C96-B22C-3F1CF6F57A30}.Debug|x64.Build.0 = Debug|Any CPU
		{CA2482F3-C2D2-4C96-B22C-3F1CF6F57A30}.Debug|x86.ActiveCfg = Debug|Any CPU
		{CA2482F3-C2D2-4C96-B22C-3F1CF6F57A30}.Debug|x86.Build.0 = Debug|Any CPU
		{CA2482F3-C2D2-4C96-B22C-3F1CF6F57A30}.Release|Any CPU.ActiveCfg = Release|Any CPU
		{CA2482F3-C2D2-4C96-B22C-3F1CF6F57A30}.Release|Any CPU.Build.0 = Release|Any CPU
		{CA2482F3-C2D2-4C96-B22C-3F1CF6F57A30}.Release|x64.ActiveCfg = Release|Any CPU
		{CA2482F3-C2D2-4C96-B22C-3F1CF6F57A30}.Release|x64.Build.0 = Release|Any CPU
		{CA2482F3-C2D2-4C96-B22C-3F1CF6F57A30}.Release|x86.ActiveCfg = Release|Any CPU
		{CA2482F3-C2D2-4C96-B22C-3F1CF6F57A30}.Release|x86.Build.0 = Release|Any CPU
		{1386E3C0-0D03-4A3D-A0C1-122F21FF8821}.Debug|Any CPU.ActiveCfg = Debug|Any CPU
		{1386E3C0-0D03-4A3D-A0C1-122F21FF8821}.Debug|Any CPU.Build.0 = Debug|Any CPU
		{1386E3C0-0D03-4A3D-A0C1-122F21FF8821}.Debug|x64.ActiveCfg = Debug|Any CPU
		{1386E3C0-0D03-4A3D-A0C1-122F21FF8821}.Debug|x64.Build.0 = Debug|Any CPU
		{1386E3C0-0D03-4A3D-A0C1-122F21FF8821}.Debug|x86.ActiveCfg = Debug|Any CPU
		{1386E3C0-0D03-4A3D-A0C1-122F21FF8821}.Debug|x86.Build.0 = Debug|Any CPU
		{1386E3C0-0D03-4A3D-A0C1-122F21FF8821}.Release|Any CPU.ActiveCfg = Release|Any CPU
		{1386E3C0-0D03-4A3D-A0C1-122F21FF8821}.Release|Any CPU.Build.0 = Release|Any CPU
		{1386E3C0-0D03-4A3D-A0C1-122F21FF8821}.Release|x64.ActiveCfg = Release|Any CPU
		{1386E3C0-0D03-4A3D-A0C1-122F21FF8821}.Release|x64.Build.0 = Release|Any CPU
		{1386E3C0-0D03-4A3D-A0C1-122F21FF8821}.Release|x86.ActiveCfg = Release|Any CPU
		{1386E3C0-0D03-4A3D-A0C1-122F21FF8821}.Release|x86.Build.0 = Release|Any CPU
		{0B450119-32E1-4371-B1F8-A72943AC87FE}.Debug|Any CPU.ActiveCfg = Debug|Any CPU
		{0B450119-32E1-4371-B1F8-A72943AC87FE}.Debug|Any CPU.Build.0 = Debug|Any CPU
		{0B450119-32E1-4371-B1F8-A72943AC87FE}.Debug|x64.ActiveCfg = Debug|Any CPU
		{0B450119-32E1-4371-B1F8-A72943AC87FE}.Debug|x64.Build.0 = Debug|Any CPU
		{0B450119-32E1-4371-B1F8-A72943AC87FE}.Debug|x86.ActiveCfg = Debug|Any CPU
		{0B450119-32E1-4371-B1F8-A72943AC87FE}.Debug|x86.Build.0 = Debug|Any CPU
		{0B450119-32E1-4371-B1F8-A72943AC87FE}.Release|Any CPU.ActiveCfg = Release|Any CPU
		{0B450119-32E1-4371-B1F8-A72943AC87FE}.Release|Any CPU.Build.0 = Release|Any CPU
		{0B450119-32E1-4371-B1F8-A72943AC87FE}.Release|x64.ActiveCfg = Release|Any CPU
		{0B450119-32E1-4371-B1F8-A72943AC87FE}.Release|x64.Build.0 = Release|Any CPU
		{0B450119-32E1-4371-B1F8-A72943AC87FE}.Release|x86.ActiveCfg = Release|Any CPU
		{0B450119-32E1-4371-B1F8-A72943AC87FE}.Release|x86.Build.0 = Release|Any CPU
		{45F3070C-43BA-492A-B759-B061495E74E0}.Debug|Any CPU.ActiveCfg = Debug|Any CPU
		{45F3070C-43BA-492A-B759-B061495E74E0}.Debug|Any CPU.Build.0 = Debug|Any CPU
		{45F3070C-43BA-492A-B759-B061495E74E0}.Debug|x64.ActiveCfg = Debug|Any CPU
		{45F3070C-43BA-492A-B759-B061495E74E0}.Debug|x64.Build.0 = Debug|Any CPU
		{45F3070C-43BA-492A-B759-B061495E74E0}.Debug|x86.ActiveCfg = Debug|Any CPU
		{45F3070C-43BA-492A-B759-B061495E74E0}.Debug|x86.Build.0 = Debug|Any CPU
		{45F3070C-43BA-492A-B759-B061495E74E0}.Release|Any CPU.ActiveCfg = Release|Any CPU
		{45F3070C-43BA-492A-B759-B061495E74E0}.Release|Any CPU.Build.0 = Release|Any CPU
		{45F3070C-43BA-492A-B759-B061495E74E0}.Release|x64.ActiveCfg = Release|Any CPU
		{45F3070C-43BA-492A-B759-B061495E74E0}.Release|x64.Build.0 = Release|Any CPU
		{45F3070C-43BA-492A-B759-B061495E74E0}.Release|x86.ActiveCfg = Release|Any CPU
		{45F3070C-43BA-492A-B759-B061495E74E0}.Release|x86.Build.0 = Release|Any CPU
		{C21DD2CA-C562-4D3D-9C23-8C36DCCFDA50}.Debug|Any CPU.ActiveCfg = Debug|Any CPU
		{C21DD2CA-C562-4D3D-9C23-8C36DCCFDA50}.Debug|Any CPU.Build.0 = Debug|Any CPU
		{C21DD2CA-C562-4D3D-9C23-8C36DCCFDA50}.Debug|x64.ActiveCfg = Debug|Any CPU
		{C21DD2CA-C562-4D3D-9C23-8C36DCCFDA50}.Debug|x64.Build.0 = Debug|Any CPU
		{C21DD2CA-C562-4D3D-9C23-8C36DCCFDA50}.Debug|x86.ActiveCfg = Debug|Any CPU
		{C21DD2CA-C562-4D3D-9C23-8C36DCCFDA50}.Debug|x86.Build.0 = Debug|Any CPU
		{C21DD2CA-C562-4D3D-9C23-8C36DCCFDA50}.Release|Any CPU.ActiveCfg = Release|Any CPU
		{C21DD2CA-C562-4D3D-9C23-8C36DCCFDA50}.Release|Any CPU.Build.0 = Release|Any CPU
		{C21DD2CA-C562-4D3D-9C23-8C36DCCFDA50}.Release|x64.ActiveCfg = Release|Any CPU
		{C21DD2CA-C562-4D3D-9C23-8C36DCCFDA50}.Release|x64.Build.0 = Release|Any CPU
		{C21DD2CA-C562-4D3D-9C23-8C36DCCFDA50}.Release|x86.ActiveCfg = Release|Any CPU
		{C21DD2CA-C562-4D3D-9C23-8C36DCCFDA50}.Release|x86.Build.0 = Release|Any CPU
		{D03F4C5A-3E1D-4433-820E-10DE17EEE0D2}.Debug|Any CPU.ActiveCfg = Debug|Any CPU
		{D03F4C5A-3E1D-4433-820E-10DE17EEE0D2}.Debug|Any CPU.Build.0 = Debug|Any CPU
		{D03F4C5A-3E1D-4433-820E-10DE17EEE0D2}.Debug|x64.ActiveCfg = Debug|Any CPU
		{D03F4C5A-3E1D-4433-820E-10DE17EEE0D2}.Debug|x64.Build.0 = Debug|Any CPU
		{D03F4C5A-3E1D-4433-820E-10DE17EEE0D2}.Debug|x86.ActiveCfg = Debug|Any CPU
		{D03F4C5A-3E1D-4433-820E-10DE17EEE0D2}.Debug|x86.Build.0 = Debug|Any CPU
		{D03F4C5A-3E1D-4433-820E-10DE17EEE0D2}.Release|Any CPU.ActiveCfg = Release|Any CPU
		{D03F4C5A-3E1D-4433-820E-10DE17EEE0D2}.Release|Any CPU.Build.0 = Release|Any CPU
		{D03F4C5A-3E1D-4433-820E-10DE17EEE0D2}.Release|x64.ActiveCfg = Release|Any CPU
		{D03F4C5A-3E1D-4433-820E-10DE17EEE0D2}.Release|x64.Build.0 = Release|Any CPU
		{D03F4C5A-3E1D-4433-820E-10DE17EEE0D2}.Release|x86.ActiveCfg = Release|Any CPU
		{D03F4C5A-3E1D-4433-820E-10DE17EEE0D2}.Release|x86.Build.0 = Release|Any CPU
		{D715CD37-B31D-404E-A4B6-6CB04E22A9B3}.Debug|Any CPU.ActiveCfg = Debug|Any CPU
		{D715CD37-B31D-404E-A4B6-6CB04E22A9B3}.Debug|Any CPU.Build.0 = Debug|Any CPU
		{D715CD37-B31D-404E-A4B6-6CB04E22A9B3}.Debug|x64.ActiveCfg = Debug|Any CPU
		{D715CD37-B31D-404E-A4B6-6CB04E22A9B3}.Debug|x64.Build.0 = Debug|Any CPU
		{D715CD37-B31D-404E-A4B6-6CB04E22A9B3}.Debug|x86.ActiveCfg = Debug|Any CPU
		{D715CD37-B31D-404E-A4B6-6CB04E22A9B3}.Debug|x86.Build.0 = Debug|Any CPU
		{D715CD37-B31D-404E-A4B6-6CB04E22A9B3}.Release|Any CPU.ActiveCfg = Release|Any CPU
		{D715CD37-B31D-404E-A4B6-6CB04E22A9B3}.Release|Any CPU.Build.0 = Release|Any CPU
		{D715CD37-B31D-404E-A4B6-6CB04E22A9B3}.Release|x64.ActiveCfg = Release|Any CPU
		{D715CD37-B31D-404E-A4B6-6CB04E22A9B3}.Release|x64.Build.0 = Release|Any CPU
		{D715CD37-B31D-404E-A4B6-6CB04E22A9B3}.Release|x86.ActiveCfg = Release|Any CPU
		{D715CD37-B31D-404E-A4B6-6CB04E22A9B3}.Release|x86.Build.0 = Release|Any CPU
		{CEBC5906-EC9C-4192-B2EF-4D23355E4928}.Debug|Any CPU.ActiveCfg = Debug|Any CPU
		{CEBC5906-EC9C-4192-B2EF-4D23355E4928}.Debug|Any CPU.Build.0 = Debug|Any CPU
		{CEBC5906-EC9C-4192-B2EF-4D23355E4928}.Debug|x64.ActiveCfg = Debug|Any CPU
		{CEBC5906-EC9C-4192-B2EF-4D23355E4928}.Debug|x64.Build.0 = Debug|Any CPU
		{CEBC5906-EC9C-4192-B2EF-4D23355E4928}.Debug|x86.ActiveCfg = Debug|Any CPU
		{CEBC5906-EC9C-4192-B2EF-4D23355E4928}.Debug|x86.Build.0 = Debug|Any CPU
		{CEBC5906-EC9C-4192-B2EF-4D23355E4928}.Release|Any CPU.ActiveCfg = Release|Any CPU
		{CEBC5906-EC9C-4192-B2EF-4D23355E4928}.Release|Any CPU.Build.0 = Release|Any CPU
		{CEBC5906-EC9C-4192-B2EF-4D23355E4928}.Release|x64.ActiveCfg = Release|Any CPU
		{CEBC5906-EC9C-4192-B2EF-4D23355E4928}.Release|x64.Build.0 = Release|Any CPU
		{CEBC5906-EC9C-4192-B2EF-4D23355E4928}.Release|x86.ActiveCfg = Release|Any CPU
		{CEBC5906-EC9C-4192-B2EF-4D23355E4928}.Release|x86.Build.0 = Release|Any CPU
		{16F0B91F-C8B5-4C14-917D-DF08139E9387}.Debug|Any CPU.ActiveCfg = Debug|Any CPU
		{16F0B91F-C8B5-4C14-917D-DF08139E9387}.Debug|Any CPU.Build.0 = Debug|Any CPU
		{16F0B91F-C8B5-4C14-917D-DF08139E9387}.Debug|x64.ActiveCfg = Debug|Any CPU
		{16F0B91F-C8B5-4C14-917D-DF08139E9387}.Debug|x64.Build.0 = Debug|Any CPU
		{16F0B91F-C8B5-4C14-917D-DF08139E9387}.Debug|x86.ActiveCfg = Debug|Any CPU
		{16F0B91F-C8B5-4C14-917D-DF08139E9387}.Debug|x86.Build.0 = Debug|Any CPU
		{16F0B91F-C8B5-4C14-917D-DF08139E9387}.Release|Any CPU.ActiveCfg = Release|Any CPU
		{16F0B91F-C8B5-4C14-917D-DF08139E9387}.Release|Any CPU.Build.0 = Release|Any CPU
		{16F0B91F-C8B5-4C14-917D-DF08139E9387}.Release|x64.ActiveCfg = Release|Any CPU
		{16F0B91F-C8B5-4C14-917D-DF08139E9387}.Release|x64.Build.0 = Release|Any CPU
		{16F0B91F-C8B5-4C14-917D-DF08139E9387}.Release|x86.ActiveCfg = Release|Any CPU
		{16F0B91F-C8B5-4C14-917D-DF08139E9387}.Release|x86.Build.0 = Release|Any CPU
		{3ECBEB44-CF69-4D4D-AA46-290E2B436ECB}.Debug|Any CPU.ActiveCfg = Debug|Any CPU
		{3ECBEB44-CF69-4D4D-AA46-290E2B436ECB}.Debug|Any CPU.Build.0 = Debug|Any CPU
		{3ECBEB44-CF69-4D4D-AA46-290E2B436ECB}.Debug|x64.ActiveCfg = Debug|Any CPU
		{3ECBEB44-CF69-4D4D-AA46-290E2B436ECB}.Debug|x64.Build.0 = Debug|Any CPU
		{3ECBEB44-CF69-4D4D-AA46-290E2B436ECB}.Debug|x86.ActiveCfg = Debug|Any CPU
		{3ECBEB44-CF69-4D4D-AA46-290E2B436ECB}.Debug|x86.Build.0 = Debug|Any CPU
		{3ECBEB44-CF69-4D4D-AA46-290E2B436ECB}.Release|Any CPU.ActiveCfg = Release|Any CPU
		{3ECBEB44-CF69-4D4D-AA46-290E2B436ECB}.Release|Any CPU.Build.0 = Release|Any CPU
		{3ECBEB44-CF69-4D4D-AA46-290E2B436ECB}.Release|x64.ActiveCfg = Release|Any CPU
		{3ECBEB44-CF69-4D4D-AA46-290E2B436ECB}.Release|x64.Build.0 = Release|Any CPU
		{3ECBEB44-CF69-4D4D-AA46-290E2B436ECB}.Release|x86.ActiveCfg = Release|Any CPU
		{3ECBEB44-CF69-4D4D-AA46-290E2B436ECB}.Release|x86.Build.0 = Release|Any CPU
		{1C51B48A-28BF-4F01-B2AF-EA72E12393EC}.Debug|Any CPU.ActiveCfg = Debug|Any CPU
		{1C51B48A-28BF-4F01-B2AF-EA72E12393EC}.Debug|Any CPU.Build.0 = Debug|Any CPU
		{1C51B48A-28BF-4F01-B2AF-EA72E12393EC}.Debug|x64.ActiveCfg = Debug|Any CPU
		{1C51B48A-28BF-4F01-B2AF-EA72E12393EC}.Debug|x64.Build.0 = Debug|Any CPU
		{1C51B48A-28BF-4F01-B2AF-EA72E12393EC}.Debug|x86.ActiveCfg = Debug|Any CPU
		{1C51B48A-28BF-4F01-B2AF-EA72E12393EC}.Debug|x86.Build.0 = Debug|Any CPU
		{1C51B48A-28BF-4F01-B2AF-EA72E12393EC}.Release|Any CPU.ActiveCfg = Release|Any CPU
		{1C51B48A-28BF-4F01-B2AF-EA72E12393EC}.Release|Any CPU.Build.0 = Release|Any CPU
		{1C51B48A-28BF-4F01-B2AF-EA72E12393EC}.Release|x64.ActiveCfg = Release|Any CPU
		{1C51B48A-28BF-4F01-B2AF-EA72E12393EC}.Release|x64.Build.0 = Release|Any CPU
		{1C51B48A-28BF-4F01-B2AF-EA72E12393EC}.Release|x86.ActiveCfg = Release|Any CPU
		{1C51B48A-28BF-4F01-B2AF-EA72E12393EC}.Release|x86.Build.0 = Release|Any CPU
	EndGlobalSection
EndGlobal
